
Microsoft Visual Studio Solution File, Format Version 12.00
# Visual Studio 15
VisualStudioVersion = 15.0.28307.421
MinimumVisualStudioVersion = 10.0.40219.1
Project("{FAE04EC0-301F-11D3-BF4B-00C04F79EFBC}") = "IEnumerable", "IEnumerable\IEnumerable.csproj", "{FC826C7A-2E46-484E-9EF3-687292C024E7}"
EndProject
Global
	GlobalSection(SolutionConfigurationPlatforms) = preSolution
		Debug|Any CPU = Debug|Any CPU
		Release|Any CPU = Release|Any CPU
	EndGlobalSection
	GlobalSection(ProjectConfigurationPlatforms) = postSolution
		{FC826C7A-2E46-484E-9EF3-687292C024E7}.Debug|Any CPU.ActiveCfg = Debug|Any CPU
		{FC826C7A-2E46-484E-9EF3-687292C024E7}.Debug|Any CPU.Build.0 = Debug|Any CPU
		{FC826C7A-2E46-484E-9EF3-687292C024E7}.Release|Any CPU.ActiveCfg = Release|Any CPU
		{FC826C7A-2E46-484E-9EF3-687292C024E7}.Release|Any CPU.Build.0 = Release|Any CPU
	EndGlobalSection
	GlobalSection(SolutionProperties) = preSolution
		HideSolutionNode = FALSE
	EndGlobalSection
	GlobalSection(ExtensibilityGlobals) = postSolution
		SolutionGuid = {721EE6F3-2697-4A8B-AAC8-56A97CBB531D}
	EndGlobalSection
EndGlobal
